// !$*UTF8*$!
{
	archiveVersion = 1;
	classes = {
	};
	objectVersion = 46;
	objects = {

/* Begin PBXBuildFile section */
		882379D11BB74636007C0635 /* ArticleViewController.swift in Sources */ = {isa = PBXBuildFile; fileRef = 882379D01BB74636007C0635 /* ArticleViewController.swift */; settings = {ASSET_TAGS = (); }; };
		882379D31BB75541007C0635 /* Models.swift in Sources */ = {isa = PBXBuildFile; fileRef = 882379D21BB75541007C0635 /* Models.swift */; settings = {ASSET_TAGS = (); }; };
		88519CCE1BB8521900C49896 /* GButton.png in Resources */ = {isa = PBXBuildFile; fileRef = 88519CCB1BB8521900C49896 /* GButton.png */; settings = {ASSET_TAGS = (); }; };
		88519CCF1BB8521900C49896 /* RButton.png in Resources */ = {isa = PBXBuildFile; fileRef = 88519CCC1BB8521900C49896 /* RButton.png */; settings = {ASSET_TAGS = (); }; };
		88519CD01BB8521900C49896 /* CardBG2.png in Resources */ = {isa = PBXBuildFile; fileRef = 88519CCD1BB8521900C49896 /* CardBG2.png */; settings = {ASSET_TAGS = (); }; };
		88519CD21BB8530900C49896 /* CardBG3.png in Resources */ = {isa = PBXBuildFile; fileRef = 88519CD11BB8530900C49896 /* CardBG3.png */; settings = {ASSET_TAGS = (); }; };
		88519CD51BB8824200C49896 /* FButton.png in Resources */ = {isa = PBXBuildFile; fileRef = 88519CD31BB8824200C49896 /* FButton.png */; settings = {ASSET_TAGS = (); }; };
		88519CD61BB8824200C49896 /* EButton.png in Resources */ = {isa = PBXBuildFile; fileRef = 88519CD41BB8824200C49896 /* EButton.png */; settings = {ASSET_TAGS = (); }; };
		8858A74B1BB395A700B8AF26 /* CardBG.png in Resources */ = {isa = PBXBuildFile; fileRef = 8858A74A1BB395A700B8AF26 /* CardBG.png */; settings = {ASSET_TAGS = (); }; };
		8858A74D1BB395D600B8AF26 /* CustomCell.swift in Sources */ = {isa = PBXBuildFile; fileRef = 8858A74C1BB395D600B8AF26 /* CustomCell.swift */; settings = {ASSET_TAGS = (); }; };
		88A40BF81BB700BA00AB9149 /* URLPageController.swift in Sources */ = {isa = PBXBuildFile; fileRef = 88A40BF71BB700BA00AB9149 /* URLPageController.swift */; settings = {ASSET_TAGS = (); }; };
		88D0CB4B1BB3748700C896F8 /* AppDelegate.swift in Sources */ = {isa = PBXBuildFile; fileRef = 88D0CB4A1BB3748700C896F8 /* AppDelegate.swift */; };
		88D0CB4D1BB3748700C896F8 /* ViewController.swift in Sources */ = {isa = PBXBuildFile; fileRef = 88D0CB4C1BB3748700C896F8 /* ViewController.swift */; };
		88D0CB501BB3748700C896F8 /* Main.storyboard in Resources */ = {isa = PBXBuildFile; fileRef = 88D0CB4E1BB3748700C896F8 /* Main.storyboard */; };
		88D0CB521BB3748700C896F8 /* Assets.xcassets in Resources */ = {isa = PBXBuildFile; fileRef = 88D0CB511BB3748700C896F8 /* Assets.xcassets */; };
		88D0CB551BB3748700C896F8 /* LaunchScreen.storyboard in Resources */ = {isa = PBXBuildFile; fileRef = 88D0CB531BB3748700C896F8 /* LaunchScreen.storyboard */; };
/* End PBXBuildFile section */

/* Begin PBXFileReference section */
		882379D01BB74636007C0635 /* ArticleViewController.swift */ = {isa = PBXFileReference; fileEncoding = 4; lastKnownFileType = sourcecode.swift; path = ArticleViewController.swift; sourceTree = "<group>"; };
		882379D21BB75541007C0635 /* Models.swift */ = {isa = PBXFileReference; fileEncoding = 4; lastKnownFileType = sourcecode.swift; path = Models.swift; sourceTree = "<group>"; };
		88519CCB1BB8521900C49896 /* GButton.png */ = {isa = PBXFileReference; lastKnownFileType = image.png; path = GButton.png; sourceTree = "<group>"; };
		88519CCC1BB8521900C49896 /* RButton.png */ = {isa = PBXFileReference; lastKnownFileType = image.png; path = RButton.png; sourceTree = "<group>"; };
		88519CCD1BB8521900C49896 /* CardBG2.png */ = {isa = PBXFileReference; lastKnownFileType = image.png; path = CardBG2.png; sourceTree = "<group>"; };
		88519CD11BB8530900C49896 /* CardBG3.png */ = {isa = PBXFileReference; lastKnownFileType = image.png; path = CardBG3.png; sourceTree = "<group>"; };
		88519CD31BB8824200C49896 /* FButton.png */ = {isa = PBXFileReference; lastKnownFileType = image.png; path = FButton.png; sourceTree = "<group>"; };
		88519CD41BB8824200C49896 /* EButton.png */ = {isa = PBXFileReference; lastKnownFileType = image.png; path = EButton.png; sourceTree = "<group>"; };
		8858A74A1BB395A700B8AF26 /* CardBG.png */ = {isa = PBXFileReference; lastKnownFileType = image.png; path = CardBG.png; sourceTree = "<group>"; };
		8858A74C1BB395D600B8AF26 /* CustomCell.swift */ = {isa = PBXFileReference; fileEncoding = 4; lastKnownFileType = sourcecode.swift; path = CustomCell.swift; sourceTree = "<group>"; };
		88A40BF71BB700BA00AB9149 /* URLPageController.swift */ = {isa = PBXFileReference; fileEncoding = 4; lastKnownFileType = sourcecode.swift; path = URLPageController.swift; sourceTree = "<group>"; };
		88D0CB471BB3748700C896F8 /* Summarizer.app */ = {isa = PBXFileReference; explicitFileType = wrapper.application; includeInIndex = 0; path = Summarizer.app; sourceTree = BUILT_PRODUCTS_DIR; };
		88D0CB4A1BB3748700C896F8 /* AppDelegate.swift */ = {isa = PBXFileReference; lastKnownFileType = sourcecode.swift; path = AppDelegate.swift; sourceTree = "<group>"; };
		88D0CB4C1BB3748700C896F8 /* ViewController.swift */ = {isa = PBXFileReference; lastKnownFileType = sourcecode.swift; path = ViewController.swift; sourceTree = "<group>"; };
		88D0CB4F1BB3748700C896F8 /* Base */ = {isa = PBXFileReference; lastKnownFileType = file.storyboard; name = Base; path = Base.lproj/Main.storyboard; sourceTree = "<group>"; };
		88D0CB511BB3748700C896F8 /* Assets.xcassets */ = {isa = PBXFileReference; lastKnownFileType = folder.assetcatalog; path = Assets.xcassets; sourceTree = "<group>"; };
		88D0CB541BB3748700C896F8 /* Base */ = {isa = PBXFileReference; lastKnownFileType = file.storyboard; name = Base; path = Base.lproj/LaunchScreen.storyboard; sourceTree = "<group>"; };
		88D0CB561BB3748700C896F8 /* Info.plist */ = {isa = PBXFileReference; lastKnownFileType = text.plist.xml; path = Info.plist; sourceTree = "<group>"; };
/* End PBXFileReference section */

/* Begin PBXFrameworksBuildPhase section */
		88D0CB441BB3748700C896F8 /* Frameworks */ = {
			isa = PBXFrameworksBuildPhase;
			buildActionMask = 2147483647;
			files = (
			);
			runOnlyForDeploymentPostprocessing = 0;
		};
/* End PBXFrameworksBuildPhase section */

/* Begin PBXGroup section */
		88D0CB3E1BB3748700C896F8 = {
			isa = PBXGroup;
			children = (
				88D0CB491BB3748700C896F8 /* Summarizer */,
				88D0CB481BB3748700C896F8 /* Products */,
			);
			sourceTree = "<group>";
		};
		88D0CB481BB3748700C896F8 /* Products */ = {
			isa = PBXGroup;
			children = (
				88D0CB471BB3748700C896F8 /* Summarizer.app */,
			);
			name = Products;
			sourceTree = "<group>";
		};
		88D0CB491BB3748700C896F8 /* Summarizer */ = {
			isa = PBXGroup;
			children = (
				88D0CB4E1BB3748700C896F8 /* Main.storyboard */,
				88519CD31BB8824200C49896 /* FButton.png */,
				88519CD41BB8824200C49896 /* EButton.png */,
				88519CCB1BB8521900C49896 /* GButton.png */,
				88519CCC1BB8521900C49896 /* RButton.png */,
				88519CD11BB8530900C49896 /* CardBG3.png */,
				88519CCD1BB8521900C49896 /* CardBG2.png */,
				8858A74A1BB395A700B8AF26 /* CardBG.png */,
				88A40BF71BB700BA00AB9149 /* URLPageController.swift */,
				88D0CB4C1BB3748700C896F8 /* ViewController.swift */,
				882379D01BB74636007C0635 /* ArticleViewController.swift */,
				882379D21BB75541007C0635 /* Models.swift */,
				8858A74C1BB395D600B8AF26 /* CustomCell.swift */,
				88D0CB4A1BB3748700C896F8 /* AppDelegate.swift */,
				88D0CB511BB3748700C896F8 /* Assets.xcassets */,
				88D0CB531BB3748700C896F8 /* LaunchScreen.storyboard */,
				88D0CB561BB3748700C896F8 /* Info.plist */,
			);
			path = Summarizer;
			sourceTree = "<group>";
		};
/* End PBXGroup section */

/* Begin PBXNativeTarget section */
		88D0CB461BB3748700C896F8 /* Summarizer */ = {
			isa = PBXNativeTarget;
			buildConfigurationList = 88D0CB591BB3748700C896F8 /* Build configuration list for PBXNativeTarget "Summarizer" */;
			buildPhases = (
				88D0CB431BB3748700C896F8 /* Sources */,
				88D0CB441BB3748700C896F8 /* Frameworks */,
				88D0CB451BB3748700C896F8 /* Resources */,
			);
			buildRules = (
			);
			dependencies = (
			);
			name = Summarizer;
			productName = Summarizer;
			productReference = 88D0CB471BB3748700C896F8 /* Summarizer.app */;
			productType = "com.apple.product-type.application";
		};
/* End PBXNativeTarget section */

/* Begin PBXProject section */
		88D0CB3F1BB3748700C896F8 /* Project object */ = {
			isa = PBXProject;
			attributes = {
				LastUpgradeCheck = 0700;
				ORGANIZATIONNAME = "Stephen Casella";
				TargetAttributes = {
					88D0CB461BB3748700C896F8 = {
						CreatedOnToolsVersion = 7.0;
					};
				};
			};
			buildConfigurationList = 88D0CB421BB3748700C896F8 /* Build configuration list for PBXProject "Summarizer" */;
			compatibilityVersion = "Xcode 3.2";
			developmentRegion = English;
			hasScannedForEncodings = 0;
			knownRegions = (
				en,
				Base,
			);
			mainGroup = 88D0CB3E1BB3748700C896F8;
			productRefGroup = 88D0CB481BB3748700C896F8 /* Products */;
			projectDirPath = "";
			projectRoot = "";
			targets = (
				88D0CB461BB3748700C896F8 /* Summarizer */,
			);
		};
/* End PBXProject section */

/* Begin PBXResourcesBuildPhase section */
		88D0CB451BB3748700C896F8 /* Resources */ = {
			isa = PBXResourcesBuildPhase;
			buildActionMask = 2147483647;
			files = (
				8858A74B1BB395A700B8AF26 /* CardBG.png in Resources */,
				88D0CB551BB3748700C896F8 /* LaunchScreen.storyboard in Resources */,
				88D0CB521BB3748700C896F8 /* Assets.xcassets in Resources */,
				88519CD61BB8824200C49896 /* EButton.png in Resources */,
				88519CCE1BB8521900C49896 /* GButton.png in Resources */,
				88519CD21BB8530900C49896 /* CardBG3.png in Resources */,
				88519CCF1BB8521900C49896 /* RButton.png in Resources */,
				88D0CB501BB3748700C896F8 /* Main.storyboard in Resources */,
				88519CD51BB8824200C49896 /* FButton.png in Resources */,
				88519CD01BB8521900C49896 /* CardBG2.png in Resources */,
			);
			runOnlyForDeploymentPostprocessing = 0;
		};
/* End PBXResourcesBuildPhase section */

/* Begin PBXSourcesBuildPhase section */
		88D0CB431BB3748700C896F8 /* Sources */ = {
			isa = PBXSourcesBuildPhase;
			buildActionMask = 2147483647;
			files = (
				88A40BF81BB700BA00AB9149 /* URLPageController.swift in Sources */,
				88D0CB4D1BB3748700C896F8 /* ViewController.swift in Sources */,
				882379D11BB74636007C0635 /* ArticleViewController.swift in Sources */,
				882379D31BB75541007C0635 /* Models.swift in Sources */,
				8858A74D1BB395D600B8AF26 /* CustomCell.swift in Sources */,
				88D0CB4B1BB3748700C896F8 /* AppDelegate.swift in Sources */,
			);
			runOnlyForDeploymentPostprocessing = 0;
		};
/* End PBXSourcesBuildPhase section */

/* Begin PBXVariantGroup section */
		88D0CB4E1BB3748700C896F8 /* Main.storyboard */ = {
			isa = PBXVariantGroup;
			children = (
				88D0CB4F1BB3748700C896F8 /* Base */,
			);
			name = Main.storyboard;
			sourceTree = "<group>";
		};
		88D0CB531BB3748700C896F8 /* LaunchScreen.storyboard */ = {
			isa = PBXVariantGroup;
			children = (
				88D0CB541BB3748700C896F8 /* Base */,
			);
			name = LaunchScreen.storyboard;
			sourceTree = "<group>";
		};
/* End PBXVariantGroup section */

/* Begin XCBuildConfiguration section */
		88D0CB571BB3748700C896F8 /* Debug */ = {
			isa = XCBuildConfiguration;
			buildSettings = {
				ALWAYS_SEARCH_USER_PATHS = NO;
				CLANG_CXX_LANGUAGE_STANDARD = "gnu++0x";
				CLANG_CXX_LIBRARY = "libc++";
				CLANG_ENABLE_MODULES = YES;
				CLANG_ENABLE_OBJC_ARC = YES;
				CLANG_WARN_BOOL_CONVERSION = YES;
				CLANG_WARN_CONSTANT_CONVERSION = YES;
				CLANG_WARN_DIRECT_OBJC_ISA_USAGE = YES_ERROR;
				CLANG_WARN_EMPTY_BODY = YES;
				CLANG_WARN_ENUM_CONVERSION = YES;
				CLANG_WARN_INT_CONVERSION = YES;
				CLANG_WARN_OBJC_ROOT_CLASS = YES_ERROR;
				CLANG_WARN_UNREACHABLE_CODE = YES;
				CLANG_WARN__DUPLICATE_METHOD_MATCH = YES;
				"CODE_SIGN_IDENTITY[sdk=iphoneos*]" = "iPhone Developer";
				COPY_PHASE_STRIP = NO;
				DEBUG_INFORMATION_FORMAT = dwarf;
				ENABLE_STRICT_OBJC_MSGSEND = YES;
				ENABLE_TESTABILITY = YES;
				GCC_C_LANGUAGE_STANDARD = gnu99;
				GCC_DYNAMIC_NO_PIC = NO;
				GCC_NO_COMMON_BLOCKS = YES;
				GCC_OPTIMIZATION_LEVEL = 0;
				GCC_PREPROCESSOR_DEFINITIONS = (
					"DEBUG=1",
					"$(inherited)",
				);
				GCC_WARN_64_TO_32_BIT_CONVERSION = YES;
				GCC_WARN_ABOUT_RETURN_TYPE = YES_ERROR;
				GCC_WARN_UNDECLARED_SELECTOR = YES;
				GCC_WARN_UNINITIALIZED_AUTOS = YES_AGGRESSIVE;
				GCC_WARN_UNUSED_FUNCTION = YES;
				GCC_WARN_UNUSED_VARIABLE = YES;
				IPHONEOS_DEPLOYMENT_TARGET = 9.0;
				MTL_ENABLE_DEBUG_INFO = YES;
				ONLY_ACTIVE_ARCH = YES;
				SDKROOT = iphoneos;
				SWIFT_OPTIMIZATION_LEVEL = "-Onone";
			};
			name = Debug;
		};
		88D0CB581BB3748700C896F8 /* Release */ = {
			isa = XCBuildConfiguration;
			buildSettings = {
				ALWAYS_SEARCH_USER_PATHS = NO;
				CLANG_CXX_LANGUAGE_STANDARD = "gnu++0x";
				CLANG_CXX_LIBRARY = "libc++";
				CLANG_ENABLE_MODULES = YES;
				CLANG_ENABLE_OBJC_ARC = YES;
				CLANG_WARN_BOOL_CONVERSION = YES;
				CLANG_WARN_CONSTANT_CONVERSION = YES;
				CLANG_WARN_DIRECT_OBJC_ISA_USAGE = YES_ERROR;
				CLANG_WARN_EMPTY_BODY = YES;
				CLANG_WARN_ENUM_CONVERSION = YES;
				CLANG_WARN_INT_CONVERSION = YES;
				CLANG_WARN_OBJC_ROOT_CLASS = YES_ERROR;
				CLANG_WARN_UNREACHABLE_CODE = YES;
				CLANG_WARN__DUPLICATE_METHOD_MATCH = YES;
				"CODE_SIGN_IDENTITY[sdk=iphoneos*]" = "iPhone Developer";
				COPY_PHASE_STRIP = NO;
				DEBUG_INFORMATION_FORMAT = "dwarf-with-dsym";
				ENABLE_NS_ASSERTIONS = NO;
				ENABLE_STRICT_OBJC_MSGSEND = YES;
				GCC_C_LANGUAGE_STANDARD = gnu99;
				GCC_NO_COMMON_BLOCKS = YES;
				GCC_WARN_64_TO_32_BIT_CONVERSION = YES;
				GCC_WARN_ABOUT_RETURN_TYPE = YES_ERROR;
				GCC_WARN_UNDECLARED_SELECTOR = YES;
				GCC_WARN_UNINITIALIZED_AUTOS = YES_AGGRESSIVE;
				GCC_WARN_UNUSED_FUNCTION = YES;
				GCC_WARN_UNUSED_VARIABLE = YES;
				IPHONEOS_DEPLOYMENT_TARGET = 9.0;
				MTL_ENABLE_DEBUG_INFO = NO;
				SDKROOT = iphoneos;
				VALIDATE_PRODUCT = YES;
			};
			name = Release;
		};
		88D0CB5A1BB3748700C896F8 /* Debug */ = {
			isa = XCBuildConfiguration;
			buildSettings = {
				ASSETCATALOG_COMPILER_APPICON_NAME = AppIcon;
				INFOPLIST_FILE = Summarizer/Info.plist;
				LD_RUNPATH_SEARCH_PATHS = "$(inherited) @executable_path/Frameworks";
				PRODUCT_BUNDLE_IDENTIFIER = com.scasella.Summarizer;
				PRODUCT_NAME = "$(TARGET_NAME)";
			};
			name = Debug;
		};
		88D0CB5B1BB3748700C896F8 /* Release */ = {
			isa = XCBuildConfiguration;
			buildSettings = {
				ASSETCATALOG_COMPILER_APPICON_NAME = AppIcon;
				INFOPLIST_FILE = Summarizer/Info.plist;
				LD_RUNPATH_SEARCH_PATHS = "$(inherited) @executable_path/Frameworks";
				PRODUCT_BUNDLE_IDENTIFIER = com.scasella.Summarizer;
				PRODUCT_NAME = "$(TARGET_NAME)";
			};
			name = Release;
		};
/* End XCBuildConfiguration section */

/* Begin XCConfigurationList section */
		88D0CB421BB3748700C896F8 /* Build configuration list for PBXProject "Summarizer" */ = {
			isa = XCConfigurationList;
			buildConfigurations = (
				88D0CB571BB3748700C896F8 /* Debug */,
				88D0CB581BB3748700C896F8 /* Release */,
			);
			defaultConfigurationIsVisible = 0;
			defaultConfigurationName = Release;
		};
		88D0CB591BB3748700C896F8 /* Build configuration list for PBXNativeTarget "Summarizer" */ = {
			isa = XCConfigurationList;
			buildConfigurations = (
				88D0CB5A1BB3748700C896F8 /* Debug */,
				88D0CB5B1BB3748700C896F8 /* Release */,
			);
			defaultConfigurationIsVisible = 0;
			defaultConfigurationName = Release;
		};
/* End XCConfigurationList section */
	};
	rootObject = 88D0CB3F1BB3748700C896F8 /* Project object */;
}
