// !$*UTF8*$!
{
	archiveVersion = 1;
	classes = {
	};
	objectVersion = 46;
	objects = {

/* Begin PBXBuildFile section */
		882379D11BB74636007C0635 /* ArticleViewController.swift in Sources */ = {isa = PBXBuildFile; fileRef = 882379D01BB74636007C0635 /* ArticleViewController.swift */; };
		882379D31BB75541007C0635 /* Models.swift in Sources */ = {isa = PBXBuildFile; fileRef = 882379D21BB75541007C0635 /* Models.swift */; };
		8823C9D31BC4929C005B835A /* BGCard3.png in Resources */ = {isa = PBXBuildFile; fileRef = 8823C9D21BC4929C005B835A /* BGCard3.png */; };
		8823C9D61BC493CD005B835A /* RedEmpty.png in Resources */ = {isa = PBXBuildFile; fileRef = 8823C9D41BC493CD005B835A /* RedEmpty.png */; };
		8823C9D71BC493CD005B835A /* RedFull.png in Resources */ = {isa = PBXBuildFile; fileRef = 8823C9D51BC493CD005B835A /* RedFull.png */; };
		8823C9D91BC4A3DE005B835A /* BGCard4.png in Resources */ = {isa = PBXBuildFile; fileRef = 8823C9D81BC4A3DE005B835A /* BGCard4.png */; };
		88519CCE1BB8521900C49896 /* GButton.png in Resources */ = {isa = PBXBuildFile; fileRef = 88519CCB1BB8521900C49896 /* GButton.png */; };
		88519CCF1BB8521900C49896 /* RButton.png in Resources */ = {isa = PBXBuildFile; fileRef = 88519CCC1BB8521900C49896 /* RButton.png */; };
		88519CD51BB8824200C49896 /* FButton.png in Resources */ = {isa = PBXBuildFile; fileRef = 88519CD31BB8824200C49896 /* FButton.png */; };
		88519CD61BB8824200C49896 /* EButton.png in Resources */ = {isa = PBXBuildFile; fileRef = 88519CD41BB8824200C49896 /* EButton.png */; };
		8858A74D1BB395D600B8AF26 /* CustomCell.swift in Sources */ = {isa = PBXBuildFile; fileRef = 8858A74C1BB395D600B8AF26 /* CustomCell.swift */; };
		886CB8D41BD7122B003D9F63 /* Interface.storyboard in Resources */ = {isa = PBXBuildFile; fileRef = 886CB8D21BD7122B003D9F63 /* Interface.storyboard */; };
		886CB8D61BD7122B003D9F63 /* Assets.xcassets in Resources */ = {isa = PBXBuildFile; fileRef = 886CB8D51BD7122B003D9F63 /* Assets.xcassets */; };
		886CB8DD1BD7122B003D9F63 /* SummarizerWatch Extension.appex in Embed App Extensions */ = {isa = PBXBuildFile; fileRef = 886CB8DC1BD7122B003D9F63 /* SummarizerWatch Extension.appex */; settings = {ATTRIBUTES = (RemoveHeadersOnCopy, ); }; };
		886CB8E21BD7122B003D9F63 /* InterfaceController.swift in Sources */ = {isa = PBXBuildFile; fileRef = 886CB8E11BD7122B003D9F63 /* InterfaceController.swift */; };
		886CB8E41BD7122B003D9F63 /* ExtensionDelegate.swift in Sources */ = {isa = PBXBuildFile; fileRef = 886CB8E31BD7122B003D9F63 /* ExtensionDelegate.swift */; };
		886CB8E61BD7122B003D9F63 /* Assets.xcassets in Resources */ = {isa = PBXBuildFile; fileRef = 886CB8E51BD7122B003D9F63 /* Assets.xcassets */; };
		886CB8EA1BD7122B003D9F63 /* SummarizerWatch.app in Embed Watch Content */ = {isa = PBXBuildFile; fileRef = 886CB8D01BD7122B003D9F63 /* SummarizerWatch.app */; };
		886CB8F61BD717E1003D9F63 /* rowController.swift in Sources */ = {isa = PBXBuildFile; fileRef = 886CB8F51BD717E1003D9F63 /* rowController.swift */; };
		886CB8FF1BD74CF4003D9F63 /* FullSummaryController.swift in Sources */ = {isa = PBXBuildFile; fileRef = 886CB8FD1BD74CF4003D9F63 /* FullSummaryController.swift */; };
		887840D81BF65832009DA28F /* BG10.png in Resources */ = {isa = PBXBuildFile; fileRef = 887840D71BF65832009DA28F /* BG10.png */; };
		8879CD2A1BBC90D300042CFC /* AsyncButton.swift in Sources */ = {isa = PBXBuildFile; fileRef = 8879CD0E1BBC90D300042CFC /* AsyncButton.swift */; };
		8879CD2B1BBC90D300042CFC /* AsyncImageView.swift in Sources */ = {isa = PBXBuildFile; fileRef = 8879CD0F1BBC90D300042CFC /* AsyncImageView.swift */; };
		8879CD2C1BBC90D300042CFC /* AutoTextView.swift in Sources */ = {isa = PBXBuildFile; fileRef = 8879CD101BBC90D300042CFC /* AutoTextView.swift */; };
		8879CD2D1BBC90D300042CFC /* LoadingView.swift in Sources */ = {isa = PBXBuildFile; fileRef = 8879CD111BBC90D300042CFC /* LoadingView.swift */; };
		8879CD2E1BBC90D300042CFC /* LoadingView.xib in Resources */ = {isa = PBXBuildFile; fileRef = 8879CD121BBC90D300042CFC /* LoadingView.xib */; };
		8879CD2F1BBC90D300042CFC /* BlurView.swift in Sources */ = {isa = PBXBuildFile; fileRef = 8879CD131BBC90D300042CFC /* BlurView.swift */; };
		8879CD301BBC90D300042CFC /* DesignableButton.swift in Sources */ = {isa = PBXBuildFile; fileRef = 8879CD141BBC90D300042CFC /* DesignableButton.swift */; };
		8879CD311BBC90D300042CFC /* DesignableImageView.swift in Sources */ = {isa = PBXBuildFile; fileRef = 8879CD151BBC90D300042CFC /* DesignableImageView.swift */; };
		8879CD321BBC90D300042CFC /* DesignableLabel.swift in Sources */ = {isa = PBXBuildFile; fileRef = 8879CD161BBC90D300042CFC /* DesignableLabel.swift */; };
		8879CD331BBC90D300042CFC /* DesignableTextField.swift in Sources */ = {isa = PBXBuildFile; fileRef = 8879CD171BBC90D300042CFC /* DesignableTextField.swift */; };
		8879CD341BBC90D300042CFC /* DesignableTextView.swift in Sources */ = {isa = PBXBuildFile; fileRef = 8879CD181BBC90D300042CFC /* DesignableTextView.swift */; };
		8879CD351BBC90D300042CFC /* DesignableView.swift in Sources */ = {isa = PBXBuildFile; fileRef = 8879CD191BBC90D300042CFC /* DesignableView.swift */; };
		8879CD361BBC90D300042CFC /* DesignableTabBarController.swift in Sources */ = {isa = PBXBuildFile; fileRef = 8879CD1A1BBC90D300042CFC /* DesignableTabBarController.swift */; };
		8879CD371BBC90D300042CFC /* ImageLoader.swift in Sources */ = {isa = PBXBuildFile; fileRef = 8879CD1B1BBC90D300042CFC /* ImageLoader.swift */; };
		8879CD381BBC90D300042CFC /* KeyboardLayoutConstraint.swift in Sources */ = {isa = PBXBuildFile; fileRef = 8879CD1C1BBC90D300042CFC /* KeyboardLayoutConstraint.swift */; };
		8879CD391BBC90D300042CFC /* Misc.swift in Sources */ = {isa = PBXBuildFile; fileRef = 8879CD1D1BBC90D300042CFC /* Misc.swift */; };
		8879CD3A1BBC90D300042CFC /* SoundPlayer.swift in Sources */ = {isa = PBXBuildFile; fileRef = 8879CD1E1BBC90D300042CFC /* SoundPlayer.swift */; };
		8879CD3B1BBC90D300042CFC /* Spring.swift in Sources */ = {isa = PBXBuildFile; fileRef = 8879CD1F1BBC90D300042CFC /* Spring.swift */; };
		8879CD3C1BBC90D300042CFC /* SpringAnimation.swift in Sources */ = {isa = PBXBuildFile; fileRef = 8879CD201BBC90D300042CFC /* SpringAnimation.swift */; };
		8879CD3D1BBC90D300042CFC /* SpringButton.swift in Sources */ = {isa = PBXBuildFile; fileRef = 8879CD211BBC90D300042CFC /* SpringButton.swift */; };
		8879CD3E1BBC90D300042CFC /* SpringImageView.swift in Sources */ = {isa = PBXBuildFile; fileRef = 8879CD221BBC90D300042CFC /* SpringImageView.swift */; };
		8879CD3F1BBC90D300042CFC /* SpringLabel.swift in Sources */ = {isa = PBXBuildFile; fileRef = 8879CD231BBC90D300042CFC /* SpringLabel.swift */; };
		8879CD401BBC90D300042CFC /* SpringTextField.swift in Sources */ = {isa = PBXBuildFile; fileRef = 8879CD241BBC90D300042CFC /* SpringTextField.swift */; };
		8879CD411BBC90D300042CFC /* SpringTextView.swift in Sources */ = {isa = PBXBuildFile; fileRef = 8879CD251BBC90D300042CFC /* SpringTextView.swift */; };
		8879CD421BBC90D300042CFC /* SpringView.swift in Sources */ = {isa = PBXBuildFile; fileRef = 8879CD261BBC90D300042CFC /* SpringView.swift */; };
		8879CD431BBC90D300042CFC /* TransitionManager.swift in Sources */ = {isa = PBXBuildFile; fileRef = 8879CD271BBC90D300042CFC /* TransitionManager.swift */; };
		8879CD441BBC90D300042CFC /* TransitionZoom.swift in Sources */ = {isa = PBXBuildFile; fileRef = 8879CD281BBC90D300042CFC /* TransitionZoom.swift */; };
		8879CD451BBC90D300042CFC /* UnwindSegue.swift in Sources */ = {isa = PBXBuildFile; fileRef = 8879CD291BBC90D300042CFC /* UnwindSegue.swift */; };
		8884CE9C1BD9E82000461322 /* Assets.xcassets in Resources */ = {isa = PBXBuildFile; fileRef = 8884CE9B1BD9E82000461322 /* Assets.xcassets */; };
		8884CEA81BD9E8E100461322 /* AppDelegate.swift in Sources */ = {isa = PBXBuildFile; fileRef = 8884CEA31BD9E8E100461322 /* AppDelegate.swift */; };
		8884CEA91BD9E8E100461322 /* ViewController.swift in Sources */ = {isa = PBXBuildFile; fileRef = 8884CEA41BD9E8E100461322 /* ViewController.swift */; };
		8884CEAA1BD9E8E100461322 /* Movie.swift in Sources */ = {isa = PBXBuildFile; fileRef = 8884CEA51BD9E8E100461322 /* Movie.swift */; };
		8884CEAB1BD9E8E100461322 /* Main.storyboard in Resources */ = {isa = PBXBuildFile; fileRef = 8884CEA61BD9E8E100461322 /* Main.storyboard */; };
		8884CEAC1BD9E8E100461322 /* MovieCell.swift in Sources */ = {isa = PBXBuildFile; fileRef = 8884CEA71BD9E8E100461322 /* MovieCell.swift */; };
		88A40BF81BB700BA00AB9149 /* URLPageController.swift in Sources */ = {isa = PBXBuildFile; fileRef = 88A40BF71BB700BA00AB9149 /* URLPageController.swift */; };
		88B45C151BDF06D200B6EDB8 /* FullArticleCell.swift in Sources */ = {isa = PBXBuildFile; fileRef = 88B45C141BDF06D200B6EDB8 /* FullArticleCell.swift */; };
		88B45C171BDF072100B6EDB8 /* FullArticleController.swift in Sources */ = {isa = PBXBuildFile; fileRef = 88B45C161BDF072100B6EDB8 /* FullArticleController.swift */; };
		88B7F1591BD44469008EAA78 /* TableBG.png in Resources */ = {isa = PBXBuildFile; fileRef = 88B7F1571BD44469008EAA78 /* TableBG.png */; };
		88B7F15A1BD44469008EAA78 /* PopOverBG5.png in Resources */ = {isa = PBXBuildFile; fileRef = 88B7F1581BD44469008EAA78 /* PopOverBG5.png */; };
		88D0CB4B1BB3748700C896F8 /* AppDelegate.swift in Sources */ = {isa = PBXBuildFile; fileRef = 88D0CB4A1BB3748700C896F8 /* AppDelegate.swift */; };
		88D0CB4D1BB3748700C896F8 /* ViewController.swift in Sources */ = {isa = PBXBuildFile; fileRef = 88D0CB4C1BB3748700C896F8 /* ViewController.swift */; };
		88D0CB501BB3748700C896F8 /* Main.storyboard in Resources */ = {isa = PBXBuildFile; fileRef = 88D0CB4E1BB3748700C896F8 /* Main.storyboard */; };
		88D0CB521BB3748700C896F8 /* Assets.xcassets in Resources */ = {isa = PBXBuildFile; fileRef = 88D0CB511BB3748700C896F8 /* Assets.xcassets */; };
		88D0CB551BB3748700C896F8 /* LaunchScreen.storyboard in Resources */ = {isa = PBXBuildFile; fileRef = 88D0CB531BB3748700C896F8 /* LaunchScreen.storyboard */; };
		88F945CC1BDBE7670084441D /* Card3.png in Resources */ = {isa = PBXBuildFile; fileRef = 88F945CB1BDBE7670084441D /* Card3.png */; };
		88F945CD1BDBE7670084441D /* Card3.png in Resources */ = {isa = PBXBuildFile; fileRef = 88F945CB1BDBE7670084441D /* Card3.png */; };
		88F945DC1BDC22E70084441D /* Card7.png in Resources */ = {isa = PBXBuildFile; fileRef = 88F945DB1BDC22E70084441D /* Card7.png */; };
		88FCD0181BF3E18D00049468 /* BG6.png in Resources */ = {isa = PBXBuildFile; fileRef = 88FCD0171BF3E18D00049468 /* BG6.png */; };
		88FCD01A1BF3E58D00049468 /* BG8.png in Resources */ = {isa = PBXBuildFile; fileRef = 88FCD0191BF3E58D00049468 /* BG8.png */; };
/* End PBXBuildFile section */

/* Begin PBXContainerItemProxy section */
		886CB8DE1BD7122B003D9F63 /* PBXContainerItemProxy */ = {
			isa = PBXContainerItemProxy;
			containerPortal = 88D0CB3F1BB3748700C896F8 /* Project object */;
			proxyType = 1;
			remoteGlobalIDString = 886CB8DB1BD7122B003D9F63;
			remoteInfo = "SummarizerWatch Extension";
		};
		886CB8E81BD7122B003D9F63 /* PBXContainerItemProxy */ = {
			isa = PBXContainerItemProxy;
			containerPortal = 88D0CB3F1BB3748700C896F8 /* Project object */;
			proxyType = 1;
			remoteGlobalIDString = 886CB8CF1BD7122B003D9F63;
			remoteInfo = SummarizerWatch;
		};
/* End PBXContainerItemProxy section */

/* Begin PBXCopyFilesBuildPhase section */
		886CB8F01BD7122B003D9F63 /* Embed App Extensions */ = {
			isa = PBXCopyFilesBuildPhase;
			buildActionMask = 2147483647;
			dstPath = "";
			dstSubfolderSpec = 13;
			files = (
				886CB8DD1BD7122B003D9F63 /* SummarizerWatch Extension.appex in Embed App Extensions */,
			);
			name = "Embed App Extensions";
			runOnlyForDeploymentPostprocessing = 0;
		};
		886CB8F21BD7122B003D9F63 /* Embed Watch Content */ = {
			isa = PBXCopyFilesBuildPhase;
			buildActionMask = 2147483647;
			dstPath = "$(CONTENTS_FOLDER_PATH)/Watch";
			dstSubfolderSpec = 16;
			files = (
				886CB8EA1BD7122B003D9F63 /* SummarizerWatch.app in Embed Watch Content */,
			);
			name = "Embed Watch Content";
			runOnlyForDeploymentPostprocessing = 0;
		};
/* End PBXCopyFilesBuildPhase section */

/* Begin PBXFileReference section */
		882379D01BB74636007C0635 /* ArticleViewController.swift */ = {isa = PBXFileReference; fileEncoding = 4; lastKnownFileType = sourcecode.swift; path = ArticleViewController.swift; sourceTree = "<group>"; };
		882379D21BB75541007C0635 /* Models.swift */ = {isa = PBXFileReference; fileEncoding = 4; lastKnownFileType = sourcecode.swift; path = Models.swift; sourceTree = "<group>"; };
		8823C9D21BC4929C005B835A /* BGCard3.png */ = {isa = PBXFileReference; lastKnownFileType = image.png; path = BGCard3.png; sourceTree = "<group>"; };
		8823C9D41BC493CD005B835A /* RedEmpty.png */ = {isa = PBXFileReference; lastKnownFileType = image.png; path = RedEmpty.png; sourceTree = "<group>"; };
		8823C9D51BC493CD005B835A /* RedFull.png */ = {isa = PBXFileReference; lastKnownFileType = image.png; path = RedFull.png; sourceTree = "<group>"; };
		8823C9D81BC4A3DE005B835A /* BGCard4.png */ = {isa = PBXFileReference; lastKnownFileType = image.png; path = BGCard4.png; sourceTree = "<group>"; };
		88519CCB1BB8521900C49896 /* GButton.png */ = {isa = PBXFileReference; lastKnownFileType = image.png; path = GButton.png; sourceTree = "<group>"; };
		88519CCC1BB8521900C49896 /* RButton.png */ = {isa = PBXFileReference; lastKnownFileType = image.png; path = RButton.png; sourceTree = "<group>"; };
		88519CD31BB8824200C49896 /* FButton.png */ = {isa = PBXFileReference; lastKnownFileType = image.png; path = FButton.png; sourceTree = "<group>"; };
		88519CD41BB8824200C49896 /* EButton.png */ = {isa = PBXFileReference; lastKnownFileType = image.png; path = EButton.png; sourceTree = "<group>"; };
		8858A74C1BB395D600B8AF26 /* CustomCell.swift */ = {isa = PBXFileReference; fileEncoding = 4; lastKnownFileType = sourcecode.swift; path = CustomCell.swift; sourceTree = "<group>"; };
		886CB8D01BD7122B003D9F63 /* SummarizerWatch.app */ = {isa = PBXFileReference; explicitFileType = wrapper.application; includeInIndex = 0; path = SummarizerWatch.app; sourceTree = BUILT_PRODUCTS_DIR; };
		886CB8D31BD7122B003D9F63 /* Base */ = {isa = PBXFileReference; lastKnownFileType = file.storyboard; name = Base; path = Base.lproj/Interface.storyboard; sourceTree = "<group>"; };
		886CB8D51BD7122B003D9F63 /* Assets.xcassets */ = {isa = PBXFileReference; lastKnownFileType = folder.assetcatalog; path = Assets.xcassets; sourceTree = "<group>"; };
		886CB8D71BD7122B003D9F63 /* Info.plist */ = {isa = PBXFileReference; lastKnownFileType = text.plist.xml; path = Info.plist; sourceTree = "<group>"; };
		886CB8DC1BD7122B003D9F63 /* SummarizerWatch Extension.appex */ = {isa = PBXFileReference; explicitFileType = "wrapper.app-extension"; includeInIndex = 0; path = "SummarizerWatch Extension.appex"; sourceTree = BUILT_PRODUCTS_DIR; };
		886CB8E11BD7122B003D9F63 /* InterfaceController.swift */ = {isa = PBXFileReference; lastKnownFileType = sourcecode.swift; path = InterfaceController.swift; sourceTree = "<group>"; };
		886CB8E31BD7122B003D9F63 /* ExtensionDelegate.swift */ = {isa = PBXFileReference; lastKnownFileType = sourcecode.swift; path = ExtensionDelegate.swift; sourceTree = "<group>"; };
		886CB8E51BD7122B003D9F63 /* Assets.xcassets */ = {isa = PBXFileReference; lastKnownFileType = folder.assetcatalog; path = Assets.xcassets; sourceTree = "<group>"; };
		886CB8E71BD7122B003D9F63 /* Info.plist */ = {isa = PBXFileReference; lastKnownFileType = text.plist.xml; path = Info.plist; sourceTree = "<group>"; };
		886CB8F31BD714FD003D9F63 /* Summarizer.entitlements */ = {isa = PBXFileReference; lastKnownFileType = text.xml; path = Summarizer.entitlements; sourceTree = "<group>"; };
		886CB8F41BD7151B003D9F63 /* SummarizerWatch.entitlements */ = {isa = PBXFileReference; lastKnownFileType = text.xml; path = SummarizerWatch.entitlements; sourceTree = "<group>"; };
		886CB8F51BD717E1003D9F63 /* rowController.swift */ = {isa = PBXFileReference; fileEncoding = 4; lastKnownFileType = sourcecode.swift; path = rowController.swift; sourceTree = "<group>"; };
		886CB8F71BD7197F003D9F63 /* SummarizerWatch Extension.entitlements */ = {isa = PBXFileReference; lastKnownFileType = text.xml; path = "SummarizerWatch Extension.entitlements"; sourceTree = "<group>"; };
		886CB8FD1BD74CF4003D9F63 /* FullSummaryController.swift */ = {isa = PBXFileReference; fileEncoding = 4; lastKnownFileType = sourcecode.swift; path = FullSummaryController.swift; sourceTree = "<group>"; };
		887840D71BF65832009DA28F /* BG10.png */ = {isa = PBXFileReference; lastKnownFileType = image.png; path = BG10.png; sourceTree = "<group>"; };
		8879CD0E1BBC90D300042CFC /* AsyncButton.swift */ = {isa = PBXFileReference; fileEncoding = 4; lastKnownFileType = sourcecode.swift; path = AsyncButton.swift; sourceTree = "<group>"; };
		8879CD0F1BBC90D300042CFC /* AsyncImageView.swift */ = {isa = PBXFileReference; fileEncoding = 4; lastKnownFileType = sourcecode.swift; path = AsyncImageView.swift; sourceTree = "<group>"; };
		8879CD101BBC90D300042CFC /* AutoTextView.swift */ = {isa = PBXFileReference; fileEncoding = 4; lastKnownFileType = sourcecode.swift; path = AutoTextView.swift; sourceTree = "<group>"; };
		8879CD111BBC90D300042CFC /* LoadingView.swift */ = {isa = PBXFileReference; fileEncoding = 4; lastKnownFileType = sourcecode.swift; path = LoadingView.swift; sourceTree = "<group>"; };
		8879CD121BBC90D300042CFC /* LoadingView.xib */ = {isa = PBXFileReference; fileEncoding = 4; lastKnownFileType = file.xib; path = LoadingView.xib; sourceTree = "<group>"; };
		8879CD131BBC90D300042CFC /* BlurView.swift */ = {isa = PBXFileReference; fileEncoding = 4; lastKnownFileType = sourcecode.swift; path = BlurView.swift; sourceTree = "<group>"; };
		8879CD141BBC90D300042CFC /* DesignableButton.swift */ = {isa = PBXFileReference; fileEncoding = 4; lastKnownFileType = sourcecode.swift; path = DesignableButton.swift; sourceTree = "<group>"; };
		8879CD151BBC90D300042CFC /* DesignableImageView.swift */ = {isa = PBXFileReference; fileEncoding = 4; lastKnownFileType = sourcecode.swift; path = DesignableImageView.swift; sourceTree = "<group>"; };
		8879CD161BBC90D300042CFC /* DesignableLabel.swift */ = {isa = PBXFileReference; fileEncoding = 4; lastKnownFileType = sourcecode.swift; path = DesignableLabel.swift; sourceTree = "<group>"; };
		8879CD171BBC90D300042CFC /* DesignableTextField.swift */ = {isa = PBXFileReference; fileEncoding = 4; lastKnownFileType = sourcecode.swift; path = DesignableTextField.swift; sourceTree = "<group>"; };
		8879CD181BBC90D300042CFC /* DesignableTextView.swift */ = {isa = PBXFileReference; fileEncoding = 4; lastKnownFileType = sourcecode.swift; path = DesignableTextView.swift; sourceTree = "<group>"; };
		8879CD191BBC90D300042CFC /* DesignableView.swift */ = {isa = PBXFileReference; fileEncoding = 4; lastKnownFileType = sourcecode.swift; path = DesignableView.swift; sourceTree = "<group>"; };
		8879CD1A1BBC90D300042CFC /* DesignableTabBarController.swift */ = {isa = PBXFileReference; fileEncoding = 4; lastKnownFileType = sourcecode.swift; path = DesignableTabBarController.swift; sourceTree = "<group>"; };
		8879CD1B1BBC90D300042CFC /* ImageLoader.swift */ = {isa = PBXFileReference; fileEncoding = 4; lastKnownFileType = sourcecode.swift; path = ImageLoader.swift; sourceTree = "<group>"; };
		8879CD1C1BBC90D300042CFC /* KeyboardLayoutConstraint.swift */ = {isa = PBXFileReference; fileEncoding = 4; lastKnownFileType = sourcecode.swift; path = KeyboardLayoutConstraint.swift; sourceTree = "<group>"; };
		8879CD1D1BBC90D300042CFC /* Misc.swift */ = {isa = PBXFileReference; fileEncoding = 4; lastKnownFileType = sourcecode.swift; path = Misc.swift; sourceTree = "<group>"; };
		8879CD1E1BBC90D300042CFC /* SoundPlayer.swift */ = {isa = PBXFileReference; fileEncoding = 4; lastKnownFileType = sourcecode.swift; path = SoundPlayer.swift; sourceTree = "<group>"; };
		8879CD1F1BBC90D300042CFC /* Spring.swift */ = {isa = PBXFileReference; fileEncoding = 4; lastKnownFileType = sourcecode.swift; path = Spring.swift; sourceTree = "<group>"; };
		8879CD201BBC90D300042CFC /* SpringAnimation.swift */ = {isa = PBXFileReference; fileEncoding = 4; lastKnownFileType = sourcecode.swift; path = SpringAnimation.swift; sourceTree = "<group>"; };
		8879CD211BBC90D300042CFC /* SpringButton.swift */ = {isa = PBXFileReference; fileEncoding = 4; lastKnownFileType = sourcecode.swift; path = SpringButton.swift; sourceTree = "<group>"; };
		8879CD221BBC90D300042CFC /* SpringImageView.swift */ = {isa = PBXFileReference; fileEncoding = 4; lastKnownFileType = sourcecode.swift; path = SpringImageView.swift; sourceTree = "<group>"; };
		8879CD231BBC90D300042CFC /* SpringLabel.swift */ = {isa = PBXFileReference; fileEncoding = 4; lastKnownFileType = sourcecode.swift; path = SpringLabel.swift; sourceTree = "<group>"; };
		8879CD241BBC90D300042CFC /* SpringTextField.swift */ = {isa = PBXFileReference; fileEncoding = 4; lastKnownFileType = sourcecode.swift; path = SpringTextField.swift; sourceTree = "<group>"; };
		8879CD251BBC90D300042CFC /* SpringTextView.swift */ = {isa = PBXFileReference; fileEncoding = 4; lastKnownFileType = sourcecode.swift; path = SpringTextView.swift; sourceTree = "<group>"; };
		8879CD261BBC90D300042CFC /* SpringView.swift */ = {isa = PBXFileReference; fileEncoding = 4; lastKnownFileType = sourcecode.swift; path = SpringView.swift; sourceTree = "<group>"; };
		8879CD271BBC90D300042CFC /* TransitionManager.swift */ = {isa = PBXFileReference; fileEncoding = 4; lastKnownFileType = sourcecode.swift; path = TransitionManager.swift; sourceTree = "<group>"; };
		8879CD281BBC90D300042CFC /* TransitionZoom.swift */ = {isa = PBXFileReference; fileEncoding = 4; lastKnownFileType = sourcecode.swift; path = TransitionZoom.swift; sourceTree = "<group>"; };
		8879CD291BBC90D300042CFC /* UnwindSegue.swift */ = {isa = PBXFileReference; fileEncoding = 4; lastKnownFileType = sourcecode.swift; path = UnwindSegue.swift; sourceTree = "<group>"; };
		8884CE921BD9E81F00461322 /* SummarizerTV.app */ = {isa = PBXFileReference; explicitFileType = wrapper.application; includeInIndex = 0; path = SummarizerTV.app; sourceTree = BUILT_PRODUCTS_DIR; };
		8884CE9B1BD9E82000461322 /* Assets.xcassets */ = {isa = PBXFileReference; lastKnownFileType = folder.assetcatalog; path = Assets.xcassets; sourceTree = "<group>"; };
		8884CE9D1BD9E82000461322 /* Info.plist */ = {isa = PBXFileReference; lastKnownFileType = text.plist.xml; path = Info.plist; sourceTree = "<group>"; };
		8884CEA11BD9E82600461322 /* SummarizerTV.entitlements */ = {isa = PBXFileReference; lastKnownFileType = text.xml; path = SummarizerTV.entitlements; sourceTree = "<group>"; };
		8884CEA31BD9E8E100461322 /* AppDelegate.swift */ = {isa = PBXFileReference; fileEncoding = 4; lastKnownFileType = sourcecode.swift; path = AppDelegate.swift; sourceTree = "<group>"; };
		8884CEA41BD9E8E100461322 /* ViewController.swift */ = {isa = PBXFileReference; fileEncoding = 4; lastKnownFileType = sourcecode.swift; path = ViewController.swift; sourceTree = "<group>"; };
		8884CEA51BD9E8E100461322 /* Movie.swift */ = {isa = PBXFileReference; fileEncoding = 4; lastKnownFileType = sourcecode.swift; path = Movie.swift; sourceTree = "<group>"; };
		8884CEA61BD9E8E100461322 /* Main.storyboard */ = {isa = PBXFileReference; fileEncoding = 4; lastKnownFileType = file.storyboard; path = Main.storyboard; sourceTree = "<group>"; };
		8884CEA71BD9E8E100461322 /* MovieCell.swift */ = {isa = PBXFileReference; fileEncoding = 4; lastKnownFileType = sourcecode.swift; path = MovieCell.swift; sourceTree = "<group>"; };
		8884CEAD1BD9E95700461322 /* SummarizerTV-Bridging-Header.h */ = {isa = PBXFileReference; fileEncoding = 4; lastKnownFileType = sourcecode.c.h; path = "SummarizerTV-Bridging-Header.h"; sourceTree = "<group>"; };
		88A40BF71BB700BA00AB9149 /* URLPageController.swift */ = {isa = PBXFileReference; fileEncoding = 4; lastKnownFileType = sourcecode.swift; path = URLPageController.swift; sourceTree = "<group>"; };
		88B45C141BDF06D200B6EDB8 /* FullArticleCell.swift */ = {isa = PBXFileReference; fileEncoding = 4; lastKnownFileType = sourcecode.swift; path = FullArticleCell.swift; sourceTree = "<group>"; };
		88B45C161BDF072100B6EDB8 /* FullArticleController.swift */ = {isa = PBXFileReference; fileEncoding = 4; lastKnownFileType = sourcecode.swift; path = FullArticleController.swift; sourceTree = "<group>"; };
		88B7F1571BD44469008EAA78 /* TableBG.png */ = {isa = PBXFileReference; lastKnownFileType = image.png; path = TableBG.png; sourceTree = "<group>"; };
		88B7F1581BD44469008EAA78 /* PopOverBG5.png */ = {isa = PBXFileReference; lastKnownFileType = image.png; path = PopOverBG5.png; sourceTree = "<group>"; };
		88D0CB471BB3748700C896F8 /* Summarizer.app */ = {isa = PBXFileReference; explicitFileType = wrapper.application; includeInIndex = 0; path = Summarizer.app; sourceTree = BUILT_PRODUCTS_DIR; };
		88D0CB4A1BB3748700C896F8 /* AppDelegate.swift */ = {isa = PBXFileReference; lastKnownFileType = sourcecode.swift; path = AppDelegate.swift; sourceTree = "<group>"; };
		88D0CB4C1BB3748700C896F8 /* ViewController.swift */ = {isa = PBXFileReference; lastKnownFileType = sourcecode.swift; path = ViewController.swift; sourceTree = "<group>"; };
		88D0CB4F1BB3748700C896F8 /* Base */ = {isa = PBXFileReference; lastKnownFileType = file.storyboard; name = Base; path = Base.lproj/Main.storyboard; sourceTree = "<group>"; };
		88D0CB511BB3748700C896F8 /* Assets.xcassets */ = {isa = PBXFileReference; lastKnownFileType = folder.assetcatalog; path = Assets.xcassets; sourceTree = "<group>"; };
		88D0CB541BB3748700C896F8 /* Base */ = {isa = PBXFileReference; lastKnownFileType = file.storyboard; name = Base; path = Base.lproj/LaunchScreen.storyboard; sourceTree = "<group>"; };
		88D0CB561BB3748700C896F8 /* Info.plist */ = {isa = PBXFileReference; lastKnownFileType = text.plist.xml; path = Info.plist; sourceTree = "<group>"; };
		88F945CB1BDBE7670084441D /* Card3.png */ = {isa = PBXFileReference; lastKnownFileType = image.png; path = Card3.png; sourceTree = "<group>"; };
		88F945DB1BDC22E70084441D /* Card7.png */ = {isa = PBXFileReference; lastKnownFileType = image.png; path = Card7.png; sourceTree = "<group>"; };
		88FCD0171BF3E18D00049468 /* BG6.png */ = {isa = PBXFileReference; lastKnownFileType = image.png; path = BG6.png; sourceTree = "<group>"; };
		88FCD0191BF3E58D00049468 /* BG8.png */ = {isa = PBXFileReference; lastKnownFileType = image.png; path = BG8.png; sourceTree = "<group>"; };
/* End PBXFileReference section */

/* Begin PBXFrameworksBuildPhase section */
		886CB8D91BD7122B003D9F63 /* Frameworks */ = {
			isa = PBXFrameworksBuildPhase;
			buildActionMask = 2147483647;
			files = (
			);
			runOnlyForDeploymentPostprocessing = 0;
		};
		8884CE8F1BD9E81F00461322 /* Frameworks */ = {
			isa = PBXFrameworksBuildPhase;
			buildActionMask = 2147483647;
			files = (
			);
			runOnlyForDeploymentPostprocessing = 0;
		};
		88D0CB441BB3748700C896F8 /* Frameworks */ = {
			isa = PBXFrameworksBuildPhase;
			buildActionMask = 2147483647;
			files = (
			);
			runOnlyForDeploymentPostprocessing = 0;
		};
/* End PBXFrameworksBuildPhase section */

/* Begin PBXGroup section */
		886CB8D11BD7122B003D9F63 /* SummarizerWatch */ = {
			isa = PBXGroup;
			children = (
				886CB8F41BD7151B003D9F63 /* SummarizerWatch.entitlements */,
				886CB8D21BD7122B003D9F63 /* Interface.storyboard */,
				886CB8D51BD7122B003D9F63 /* Assets.xcassets */,
				886CB8D71BD7122B003D9F63 /* Info.plist */,
			);
			path = SummarizerWatch;
			sourceTree = "<group>";
		};
		886CB8E01BD7122B003D9F63 /* SummarizerWatch Extension */ = {
			isa = PBXGroup;
			children = (
				886CB8F71BD7197F003D9F63 /* SummarizerWatch Extension.entitlements */,
				88F945CB1BDBE7670084441D /* Card3.png */,
				886CB8E11BD7122B003D9F63 /* InterfaceController.swift */,
				886CB8FD1BD74CF4003D9F63 /* FullSummaryController.swift */,
				886CB8F51BD717E1003D9F63 /* rowController.swift */,
				886CB8E31BD7122B003D9F63 /* ExtensionDelegate.swift */,
				886CB8E51BD7122B003D9F63 /* Assets.xcassets */,
				886CB8E71BD7122B003D9F63 /* Info.plist */,
			);
			path = "SummarizerWatch Extension";
			sourceTree = "<group>";
		};
		8879CD0D1BBC90BE00042CFC /* Spring */ = {
			isa = PBXGroup;
			children = (
				8879CD0E1BBC90D300042CFC /* AsyncButton.swift */,
				8879CD0F1BBC90D300042CFC /* AsyncImageView.swift */,
				8879CD101BBC90D300042CFC /* AutoTextView.swift */,
				8879CD111BBC90D300042CFC /* LoadingView.swift */,
				8879CD121BBC90D300042CFC /* LoadingView.xib */,
				8879CD131BBC90D300042CFC /* BlurView.swift */,
				8879CD141BBC90D300042CFC /* DesignableButton.swift */,
				8879CD151BBC90D300042CFC /* DesignableImageView.swift */,
				8879CD161BBC90D300042CFC /* DesignableLabel.swift */,
				8879CD171BBC90D300042CFC /* DesignableTextField.swift */,
				8879CD181BBC90D300042CFC /* DesignableTextView.swift */,
				8879CD191BBC90D300042CFC /* DesignableView.swift */,
				8879CD1A1BBC90D300042CFC /* DesignableTabBarController.swift */,
				8879CD1B1BBC90D300042CFC /* ImageLoader.swift */,
				8879CD1C1BBC90D300042CFC /* KeyboardLayoutConstraint.swift */,
				8879CD1D1BBC90D300042CFC /* Misc.swift */,
				8879CD1E1BBC90D300042CFC /* SoundPlayer.swift */,
				8879CD1F1BBC90D300042CFC /* Spring.swift */,
				8879CD201BBC90D300042CFC /* SpringAnimation.swift */,
				8879CD211BBC90D300042CFC /* SpringButton.swift */,
				8879CD221BBC90D300042CFC /* SpringImageView.swift */,
				8879CD231BBC90D300042CFC /* SpringLabel.swift */,
				8879CD241BBC90D300042CFC /* SpringTextField.swift */,
				8879CD251BBC90D300042CFC /* SpringTextView.swift */,
				8879CD261BBC90D300042CFC /* SpringView.swift */,
				8879CD271BBC90D300042CFC /* TransitionManager.swift */,
				8879CD281BBC90D300042CFC /* TransitionZoom.swift */,
				8879CD291BBC90D300042CFC /* UnwindSegue.swift */,
			);
			name = Spring;
			sourceTree = "<group>";
		};
		8884CE931BD9E82000461322 /* SummarizerTV */ = {
			isa = PBXGroup;
			children = (
				88F945DB1BDC22E70084441D /* Card7.png */,
				887840D71BF65832009DA28F /* BG10.png */,
				88FCD0171BF3E18D00049468 /* BG6.png */,
				88FCD0191BF3E58D00049468 /* BG8.png */,
				8884CEA31BD9E8E100461322 /* AppDelegate.swift */,
				8884CEA41BD9E8E100461322 /* ViewController.swift */,
				8884CEA51BD9E8E100461322 /* Movie.swift */,
				8884CEAD1BD9E95700461322 /* SummarizerTV-Bridging-Header.h */,
				8884CEA61BD9E8E100461322 /* Main.storyboard */,
				88B45C161BDF072100B6EDB8 /* FullArticleController.swift */,
				88B45C141BDF06D200B6EDB8 /* FullArticleCell.swift */,
				8884CEA71BD9E8E100461322 /* MovieCell.swift */,
				8884CEA11BD9E82600461322 /* SummarizerTV.entitlements */,
				8884CE9B1BD9E82000461322 /* Assets.xcassets */,
				8884CE9D1BD9E82000461322 /* Info.plist */,
			);
			path = SummarizerTV;
			sourceTree = "<group>";
		};
		88D0CB3E1BB3748700C896F8 = {
			isa = PBXGroup;
			children = (
				88D0CB491BB3748700C896F8 /* Summarizer */,
				886CB8D11BD7122B003D9F63 /* SummarizerWatch */,
				886CB8E01BD7122B003D9F63 /* SummarizerWatch Extension */,
				8884CE931BD9E82000461322 /* SummarizerTV */,
				88D0CB481BB3748700C896F8 /* Products */,
			);
			sourceTree = "<group>";
		};
		88D0CB481BB3748700C896F8 /* Products */ = {
			isa = PBXGroup;
			children = (
				88D0CB471BB3748700C896F8 /* Summarizer.app */,
				886CB8D01BD7122B003D9F63 /* SummarizerWatch.app */,
				886CB8DC1BD7122B003D9F63 /* SummarizerWatch Extension.appex */,
				8884CE921BD9E81F00461322 /* SummarizerTV.app */,
			);
			name = Products;
			sourceTree = "<group>";
		};
		88D0CB491BB3748700C896F8 /* Summarizer */ = {
			isa = PBXGroup;
			children = (
				886CB8F31BD714FD003D9F63 /* Summarizer.entitlements */,
				8879CD0D1BBC90BE00042CFC /* Spring */,
				88D0CB4E1BB3748700C896F8 /* Main.storyboard */,
				88F945CE1BDBFF640084441D /* Assets */,
				88A40BF71BB700BA00AB9149 /* URLPageController.swift */,
				88D0CB4C1BB3748700C896F8 /* ViewController.swift */,
				882379D01BB74636007C0635 /* ArticleViewController.swift */,
				882379D21BB75541007C0635 /* Models.swift */,
				8858A74C1BB395D600B8AF26 /* CustomCell.swift */,
				88D0CB4A1BB3748700C896F8 /* AppDelegate.swift */,
				88D0CB511BB3748700C896F8 /* Assets.xcassets */,
				88D0CB531BB3748700C896F8 /* LaunchScreen.storyboard */,
				88D0CB561BB3748700C896F8 /* Info.plist */,
			);
			path = Summarizer;
			sourceTree = "<group>";
		};
		88F945CE1BDBFF640084441D /* Assets */ = {
			isa = PBXGroup;
			children = (
				88B7F1571BD44469008EAA78 /* TableBG.png */,
				88B7F1581BD44469008EAA78 /* PopOverBG5.png */,
				88519CD31BB8824200C49896 /* FButton.png */,
				8823C9D41BC493CD005B835A /* RedEmpty.png */,
				8823C9D51BC493CD005B835A /* RedFull.png */,
				8823C9D81BC4A3DE005B835A /* BGCard4.png */,
				8823C9D21BC4929C005B835A /* BGCard3.png */,
				88519CD41BB8824200C49896 /* EButton.png */,
				88519CCB1BB8521900C49896 /* GButton.png */,
				88519CCC1BB8521900C49896 /* RButton.png */,
			);
			name = Assets;
			sourceTree = "<group>";
		};
/* End PBXGroup section */

/* Begin PBXNativeTarget section */
		886CB8CF1BD7122B003D9F63 /* SummarizerWatch */ = {
			isa = PBXNativeTarget;
			buildConfigurationList = 886CB8F11BD7122B003D9F63 /* Build configuration list for PBXNativeTarget "SummarizerWatch" */;
			buildPhases = (
				886CB8CE1BD7122B003D9F63 /* Resources */,
				886CB8F01BD7122B003D9F63 /* Embed App Extensions */,
			);
			buildRules = (
			);
			dependencies = (
				886CB8DF1BD7122B003D9F63 /* PBXTargetDependency */,
			);
			name = SummarizerWatch;
			productName = SummarizerWatch;
			productReference = 886CB8D01BD7122B003D9F63 /* SummarizerWatch.app */;
			productType = "com.apple.product-type.application.watchapp2";
		};
		886CB8DB1BD7122B003D9F63 /* SummarizerWatch Extension */ = {
			isa = PBXNativeTarget;
			buildConfigurationList = 886CB8EF1BD7122B003D9F63 /* Build configuration list for PBXNativeTarget "SummarizerWatch Extension" */;
			buildPhases = (
				886CB8D81BD7122B003D9F63 /* Sources */,
				886CB8D91BD7122B003D9F63 /* Frameworks */,
				886CB8DA1BD7122B003D9F63 /* Resources */,
			);
			buildRules = (
			);
			dependencies = (
			);
			name = "SummarizerWatch Extension";
			productName = "SummarizerWatch Extension";
			productReference = 886CB8DC1BD7122B003D9F63 /* SummarizerWatch Extension.appex */;
			productType = "com.apple.product-type.watchkit2-extension";
		};
		8884CE911BD9E81F00461322 /* SummarizerTV */ = {
			isa = PBXNativeTarget;
			buildConfigurationList = 8884CE9E1BD9E82000461322 /* Build configuration list for PBXNativeTarget "SummarizerTV" */;
			buildPhases = (
				8884CE8E1BD9E81F00461322 /* Sources */,
				8884CE8F1BD9E81F00461322 /* Frameworks */,
				8884CE901BD9E81F00461322 /* Resources */,
			);
			buildRules = (
			);
			dependencies = (
			);
			name = SummarizerTV;
			productName = SummarizerTV;
			productReference = 8884CE921BD9E81F00461322 /* SummarizerTV.app */;
			productType = "com.apple.product-type.application";
		};
		88D0CB461BB3748700C896F8 /* Summarizer */ = {
			isa = PBXNativeTarget;
			buildConfigurationList = 88D0CB591BB3748700C896F8 /* Build configuration list for PBXNativeTarget "Summarizer" */;
			buildPhases = (
				88D0CB431BB3748700C896F8 /* Sources */,
				88D0CB441BB3748700C896F8 /* Frameworks */,
				88D0CB451BB3748700C896F8 /* Resources */,
				886CB8F21BD7122B003D9F63 /* Embed Watch Content */,
			);
			buildRules = (
			);
			dependencies = (
				886CB8E91BD7122B003D9F63 /* PBXTargetDependency */,
			);
			name = Summarizer;
			productName = Summarizer;
			productReference = 88D0CB471BB3748700C896F8 /* Summarizer.app */;
			productType = "com.apple.product-type.application";
		};
/* End PBXNativeTarget section */

/* Begin PBXProject section */
		88D0CB3F1BB3748700C896F8 /* Project object */ = {
			isa = PBXProject;
			attributes = {
				LastSwiftUpdateCheck = 0710;
				LastUpgradeCheck = 0700;
				ORGANIZATIONNAME = "Stephen Casella";
				TargetAttributes = {
					886CB8CF1BD7122B003D9F63 = {
						CreatedOnToolsVersion = 7.0;
						DevelopmentTeam = 9ZJC9RDWN7;
						SystemCapabilities = {
							com.apple.ApplicationGroups.iOS = {
								enabled = 0;
							};
						};
					};
					886CB8DB1BD7122B003D9F63 = {
						CreatedOnToolsVersion = 7.0;
						DevelopmentTeam = 9ZJC9RDWN7;
						SystemCapabilities = {
							com.apple.ApplicationGroups.iOS = {
								enabled = 0;
							};
							com.apple.iCloud = {
								enabled = 0;
							};
						};
					};
					8884CE911BD9E81F00461322 = {
						CreatedOnToolsVersion = 7.1;
						DevelopmentTeam = 9ZJC9RDWN7;
						SystemCapabilities = {
							com.apple.ApplicationGroups.iOS = {
								enabled = 1;
							};
							com.apple.iCloud = {
								enabled = 0;
							};
						};
					};
					88D0CB461BB3748700C896F8 = {
						CreatedOnToolsVersion = 7.0;
						DevelopmentTeam = 9ZJC9RDWN7;
						SystemCapabilities = {
							com.apple.ApplicationGroups.iOS = {
								enabled = 1;
							};
							com.apple.iCloud = {
								enabled = 0;
							};
						};
					};
				};
			};
			buildConfigurationList = 88D0CB421BB3748700C896F8 /* Build configuration list for PBXProject "Summarizer" */;
			compatibilityVersion = "Xcode 3.2";
			developmentRegion = English;
			hasScannedForEncodings = 0;
			knownRegions = (
				en,
				Base,
			);
			mainGroup = 88D0CB3E1BB3748700C896F8;
			productRefGroup = 88D0CB481BB3748700C896F8 /* Products */;
			projectDirPath = "";
			projectRoot = "";
			targets = (
				88D0CB461BB3748700C896F8 /* Summarizer */,
				886CB8CF1BD7122B003D9F63 /* SummarizerWatch */,
				886CB8DB1BD7122B003D9F63 /* SummarizerWatch Extension */,
				8884CE911BD9E81F00461322 /* SummarizerTV */,
			);
		};
/* End PBXProject section */

/* Begin PBXResourcesBuildPhase section */
		886CB8CE1BD7122B003D9F63 /* Resources */ = {
			isa = PBXResourcesBuildPhase;
			buildActionMask = 2147483647;
			files = (
				88F945CC1BDBE7670084441D /* Card3.png in Resources */,
				886CB8D61BD7122B003D9F63 /* Assets.xcassets in Resources */,
				886CB8D41BD7122B003D9F63 /* Interface.storyboard in Resources */,
			);
			runOnlyForDeploymentPostprocessing = 0;
		};
		886CB8DA1BD7122B003D9F63 /* Resources */ = {
			isa = PBXResourcesBuildPhase;
			buildActionMask = 2147483647;
			files = (
				886CB8E61BD7122B003D9F63 /* Assets.xcassets in Resources */,
				88F945CD1BDBE7670084441D /* Card3.png in Resources */,
			);
			runOnlyForDeploymentPostprocessing = 0;
		};
		8884CE901BD9E81F00461322 /* Resources */ = {
			isa = PBXResourcesBuildPhase;
			buildActionMask = 2147483647;
			files = (
				8884CE9C1BD9E82000461322 /* Assets.xcassets in Resources */,
				88FCD0181BF3E18D00049468 /* BG6.png in Resources */,
				88F945DC1BDC22E70084441D /* Card7.png in Resources */,
				887840D81BF65832009DA28F /* BG10.png in Resources */,
				8884CEAB1BD9E8E100461322 /* Main.storyboard in Resources */,
				88FCD01A1BF3E58D00049468 /* BG8.png in Resources */,
			);
			runOnlyForDeploymentPostprocessing = 0;
		};
		88D0CB451BB3748700C896F8 /* Resources */ = {
			isa = PBXResourcesBuildPhase;
			buildActionMask = 2147483647;
			files = (
				88B7F15A1BD44469008EAA78 /* PopOverBG5.png in Resources */,
				8823C9D71BC493CD005B835A /* RedFull.png in Resources */,
				8823C9D31BC4929C005B835A /* BGCard3.png in Resources */,
				88D0CB551BB3748700C896F8 /* LaunchScreen.storyboard in Resources */,
				88D0CB521BB3748700C896F8 /* Assets.xcassets in Resources */,
				88519CD61BB8824200C49896 /* EButton.png in Resources */,
				88519CCE1BB8521900C49896 /* GButton.png in Resources */,
				88519CCF1BB8521900C49896 /* RButton.png in Resources */,
				88B7F1591BD44469008EAA78 /* TableBG.png in Resources */,
				8823C9D91BC4A3DE005B835A /* BGCard4.png in Resources */,
				88D0CB501BB3748700C896F8 /* Main.storyboard in Resources */,
				8823C9D61BC493CD005B835A /* RedEmpty.png in Resources */,
				88519CD51BB8824200C49896 /* FButton.png in Resources */,
				8879CD2E1BBC90D300042CFC /* LoadingView.xib in Resources */,
			);
			runOnlyForDeploymentPostprocessing = 0;
		};
/* End PBXResourcesBuildPhase section */

/* Begin PBXSourcesBuildPhase section */
		886CB8D81BD7122B003D9F63 /* Sources */ = {
			isa = PBXSourcesBuildPhase;
			buildActionMask = 2147483647;
			files = (
				886CB8E41BD7122B003D9F63 /* ExtensionDelegate.swift in Sources */,
				886CB8F61BD717E1003D9F63 /* rowController.swift in Sources */,
				886CB8E21BD7122B003D9F63 /* InterfaceController.swift in Sources */,
				886CB8FF1BD74CF4003D9F63 /* FullSummaryController.swift in Sources */,
			);
			runOnlyForDeploymentPostprocessing = 0;
		};
		8884CE8E1BD9E81F00461322 /* Sources */ = {
			isa = PBXSourcesBuildPhase;
			buildActionMask = 2147483647;
			files = (
				8884CEA91BD9E8E100461322 /* ViewController.swift in Sources */,
				88B45C151BDF06D200B6EDB8 /* FullArticleCell.swift in Sources */,
				8884CEA81BD9E8E100461322 /* AppDelegate.swift in Sources */,
				8884CEAC1BD9E8E100461322 /* MovieCell.swift in Sources */,
				8884CEAA1BD9E8E100461322 /* Movie.swift in Sources */,
				88B45C171BDF072100B6EDB8 /* FullArticleController.swift in Sources */,
			);
			runOnlyForDeploymentPostprocessing = 0;
		};
		88D0CB431BB3748700C896F8 /* Sources */ = {
			isa = PBXSourcesBuildPhase;
			buildActionMask = 2147483647;
			files = (
				8879CD311BBC90D300042CFC /* DesignableImageView.swift in Sources */,
				8879CD341BBC90D300042CFC /* DesignableTextView.swift in Sources */,
				8879CD3A1BBC90D300042CFC /* SoundPlayer.swift in Sources */,
				8879CD3C1BBC90D300042CFC /* SpringAnimation.swift in Sources */,
				88A40BF81BB700BA00AB9149 /* URLPageController.swift in Sources */,
				8879CD421BBC90D300042CFC /* SpringView.swift in Sources */,
				8879CD2A1BBC90D300042CFC /* AsyncButton.swift in Sources */,
				8879CD431BBC90D300042CFC /* TransitionManager.swift in Sources */,
				88D0CB4D1BB3748700C896F8 /* ViewController.swift in Sources */,
				8879CD2D1BBC90D300042CFC /* LoadingView.swift in Sources */,
				8879CD2F1BBC90D300042CFC /* BlurView.swift in Sources */,
				8879CD3E1BBC90D300042CFC /* SpringImageView.swift in Sources */,
				8879CD2C1BBC90D300042CFC /* AutoTextView.swift in Sources */,
				8879CD331BBC90D300042CFC /* DesignableTextField.swift in Sources */,
				8879CD371BBC90D300042CFC /* ImageLoader.swift in Sources */,
				8879CD2B1BBC90D300042CFC /* AsyncImageView.swift in Sources */,
				8879CD3D1BBC90D300042CFC /* SpringButton.swift in Sources */,
				8879CD3F1BBC90D300042CFC /* SpringLabel.swift in Sources */,
				8879CD451BBC90D300042CFC /* UnwindSegue.swift in Sources */,
				882379D11BB74636007C0635 /* ArticleViewController.swift in Sources */,
				882379D31BB75541007C0635 /* Models.swift in Sources */,
				8879CD381BBC90D300042CFC /* KeyboardLayoutConstraint.swift in Sources */,
				8879CD3B1BBC90D300042CFC /* Spring.swift in Sources */,
				8879CD401BBC90D300042CFC /* SpringTextField.swift in Sources */,
				8858A74D1BB395D600B8AF26 /* CustomCell.swift in Sources */,
				88D0CB4B1BB3748700C896F8 /* AppDelegate.swift in Sources */,
				8879CD321BBC90D300042CFC /* DesignableLabel.swift in Sources */,
				8879CD411BBC90D300042CFC /* SpringTextView.swift in Sources */,
				8879CD301BBC90D300042CFC /* DesignableButton.swift in Sources */,
				8879CD391BBC90D300042CFC /* Misc.swift in Sources */,
				8879CD361BBC90D300042CFC /* DesignableTabBarController.swift in Sources */,
				8879CD351BBC90D300042CFC /* DesignableView.swift in Sources */,
				8879CD441BBC90D300042CFC /* TransitionZoom.swift in Sources */,
			);
			runOnlyForDeploymentPostprocessing = 0;
		};
/* End PBXSourcesBuildPhase section */

/* Begin PBXTargetDependency section */
		886CB8DF1BD7122B003D9F63 /* PBXTargetDependency */ = {
			isa = PBXTargetDependency;
			target = 886CB8DB1BD7122B003D9F63 /* SummarizerWatch Extension */;
			targetProxy = 886CB8DE1BD7122B003D9F63 /* PBXContainerItemProxy */;
		};
		886CB8E91BD7122B003D9F63 /* PBXTargetDependency */ = {
			isa = PBXTargetDependency;
			target = 886CB8CF1BD7122B003D9F63 /* SummarizerWatch */;
			targetProxy = 886CB8E81BD7122B003D9F63 /* PBXContainerItemProxy */;
		};
/* End PBXTargetDependency section */

/* Begin PBXVariantGroup section */
		886CB8D21BD7122B003D9F63 /* Interface.storyboard */ = {
			isa = PBXVariantGroup;
			children = (
				886CB8D31BD7122B003D9F63 /* Base */,
			);
			name = Interface.storyboard;
			sourceTree = "<group>";
		};
		88D0CB4E1BB3748700C896F8 /* Main.storyboard */ = {
			isa = PBXVariantGroup;
			children = (
				88D0CB4F1BB3748700C896F8 /* Base */,
			);
			name = Main.storyboard;
			sourceTree = "<group>";
		};
		88D0CB531BB3748700C896F8 /* LaunchScreen.storyboard */ = {
			isa = PBXVariantGroup;
			children = (
				88D0CB541BB3748700C896F8 /* Base */,
			);
			name = LaunchScreen.storyboard;
			sourceTree = "<group>";
		};
/* End PBXVariantGroup section */

/* Begin XCBuildConfiguration section */
		886CB8EB1BD7122B003D9F63 /* Debug */ = {
			isa = XCBuildConfiguration;
			buildSettings = {
				ASSETCATALOG_COMPILER_APPICON_NAME = AppIcon;
				CLANG_ENABLE_MODULES = YES;
				CODE_SIGN_IDENTITY = "iPhone Developer";
				"CODE_SIGN_IDENTITY[sdk=watchos*]" = "iPhone Developer";
				EMBEDDED_CONTENT_CONTAINS_SWIFT = YES;
				IBSC_MODULE = SummarizerWatch_Extension;
				INFOPLIST_FILE = SummarizerWatch/Info.plist;
				LD_RUNPATH_SEARCH_PATHS = "$(inherited) @executable_path/../Frameworks @loader_path/../Frameworks";
				PRODUCT_BUNDLE_IDENTIFIER = com.scasella.Summarizer.watchkitapp;
				PRODUCT_NAME = "$(TARGET_NAME)";
				PROVISIONING_PROFILE = "";
				SDKROOT = watchos;
				SKIP_INSTALL = YES;
				SWIFT_OBJC_BRIDGING_HEADER = "Summarizer/SummarizerWatch-Bridging-Header.h";
				SWIFT_OPTIMIZATION_LEVEL = "-Onone";
				TARGETED_DEVICE_FAMILY = 4;
				WATCHOS_DEPLOYMENT_TARGET = 2.0;
			};
			name = Debug;
		};
		886CB8EC1BD7122B003D9F63 /* Release */ = {
			isa = XCBuildConfiguration;
			buildSettings = {
				ASSETCATALOG_COMPILER_APPICON_NAME = AppIcon;
				CLANG_ENABLE_MODULES = YES;
				CODE_SIGN_IDENTITY = "iPhone Developer";
				"CODE_SIGN_IDENTITY[sdk=watchos*]" = "iPhone Developer";
				EMBEDDED_CONTENT_CONTAINS_SWIFT = YES;
				IBSC_MODULE = SummarizerWatch_Extension;
				INFOPLIST_FILE = SummarizerWatch/Info.plist;
				LD_RUNPATH_SEARCH_PATHS = "$(inherited) @executable_path/../Frameworks @loader_path/../Frameworks";
				PRODUCT_BUNDLE_IDENTIFIER = com.scasella.Summarizer.watchkitapp;
				PRODUCT_NAME = "$(TARGET_NAME)";
				PROVISIONING_PROFILE = "";
				SDKROOT = watchos;
				SKIP_INSTALL = YES;
				SWIFT_OBJC_BRIDGING_HEADER = "Summarizer/SummarizerWatch-Bridging-Header.h";
				TARGETED_DEVICE_FAMILY = 4;
				WATCHOS_DEPLOYMENT_TARGET = 2.0;
			};
			name = Release;
		};
		886CB8ED1BD7122B003D9F63 /* Debug */ = {
			isa = XCBuildConfiguration;
			buildSettings = {
				CODE_SIGN_IDENTITY = "iPhone Developer";
				"CODE_SIGN_IDENTITY[sdk=watchos*]" = "iPhone Developer";
				INFOPLIST_FILE = "SummarizerWatch Extension/Info.plist";
				LD_RUNPATH_SEARCH_PATHS = "$(inherited) @executable_path/Frameworks @executable_path/../../Frameworks";
				PRODUCT_BUNDLE_IDENTIFIER = com.scasella.Summarizer.watchkitapp.watchkitextension;
				PRODUCT_NAME = "${TARGET_NAME}";
				PROVISIONING_PROFILE = "";
				SDKROOT = watchos;
				SKIP_INSTALL = YES;
				TARGETED_DEVICE_FAMILY = 4;
				WATCHOS_DEPLOYMENT_TARGET = 2.0;
			};
			name = Debug;
		};
		886CB8EE1BD7122B003D9F63 /* Release */ = {
			isa = XCBuildConfiguration;
			buildSettings = {
				CODE_SIGN_IDENTITY = "iPhone Developer";
				"CODE_SIGN_IDENTITY[sdk=watchos*]" = "iPhone Developer";
				INFOPLIST_FILE = "SummarizerWatch Extension/Info.plist";
				LD_RUNPATH_SEARCH_PATHS = "$(inherited) @executable_path/Frameworks @executable_path/../../Frameworks";
				PRODUCT_BUNDLE_IDENTIFIER = com.scasella.Summarizer.watchkitapp.watchkitextension;
				PRODUCT_NAME = "${TARGET_NAME}";
				PROVISIONING_PROFILE = "";
				SDKROOT = watchos;
				SKIP_INSTALL = YES;
				TARGETED_DEVICE_FAMILY = 4;
				WATCHOS_DEPLOYMENT_TARGET = 2.0;
			};
			name = Release;
		};
		8884CE9F1BD9E82000461322 /* Debug */ = {
			isa = XCBuildConfiguration;
			buildSettings = {
				ASSETCATALOG_COMPILER_APPICON_NAME = "App Icon & Top Shelf Image";
				ASSETCATALOG_COMPILER_LAUNCHIMAGE_NAME = LaunchImage;
				CLANG_ENABLE_MODULES = YES;
				CODE_SIGN_ENTITLEMENTS = SummarizerTV/SummarizerTV.entitlements;
				CODE_SIGN_IDENTITY = "iPhone Developer";
				"CODE_SIGN_IDENTITY[sdk=appletvos*]" = "iPhone Developer";
				INFOPLIST_FILE = SummarizerTV/Info.plist;
				LD_RUNPATH_SEARCH_PATHS = "$(inherited) @executable_path/Frameworks";
				PRODUCT_BUNDLE_IDENTIFIER = com.scasella.Summarizer;
				PRODUCT_NAME = "$(TARGET_NAME)";
				PROVISIONING_PROFILE = "";
				SDKROOT = appletvos;
				SWIFT_OBJC_BRIDGING_HEADER = "SummarizerTV/SummarizerTV-Bridging-Header.h";
				SWIFT_OPTIMIZATION_LEVEL = "-Onone";
				TARGETED_DEVICE_FAMILY = 3;
				TVOS_DEPLOYMENT_TARGET = 9.0;
			};
			name = Debug;
		};
		8884CEA01BD9E82000461322 /* Release */ = {
			isa = XCBuildConfiguration;
			buildSettings = {
				ASSETCATALOG_COMPILER_APPICON_NAME = "App Icon & Top Shelf Image";
				ASSETCATALOG_COMPILER_LAUNCHIMAGE_NAME = LaunchImage;
				CLANG_ENABLE_MODULES = YES;
				CODE_SIGN_ENTITLEMENTS = SummarizerTV/SummarizerTV.entitlements;
				CODE_SIGN_IDENTITY = "iPhone Developer";
				"CODE_SIGN_IDENTITY[sdk=appletvos*]" = "iPhone Developer";
				INFOPLIST_FILE = SummarizerTV/Info.plist;
				LD_RUNPATH_SEARCH_PATHS = "$(inherited) @executable_path/Frameworks";
				PRODUCT_BUNDLE_IDENTIFIER = com.scasella.Summarizer;
				PRODUCT_NAME = "$(TARGET_NAME)";
				PROVISIONING_PROFILE = "";
				SDKROOT = appletvos;
				SWIFT_OBJC_BRIDGING_HEADER = "SummarizerTV/SummarizerTV-Bridging-Header.h";
				TARGETED_DEVICE_FAMILY = 3;
				TVOS_DEPLOYMENT_TARGET = 9.0;
			};
			name = Release;
		};
		88D0CB571BB3748700C896F8 /* Debug */ = {
			isa = XCBuildConfiguration;
			buildSettings = {
				ALWAYS_SEARCH_USER_PATHS = NO;
				CLANG_CXX_LANGUAGE_STANDARD = "gnu++0x";
				CLANG_CXX_LIBRARY = "libc++";
				CLANG_ENABLE_MODULES = YES;
				CLANG_ENABLE_OBJC_ARC = YES;
				CLANG_WARN_BOOL_CONVERSION = YES;
				CLANG_WARN_CONSTANT_CONVERSION = YES;
				CLANG_WARN_DIRECT_OBJC_ISA_USAGE = YES_ERROR;
				CLANG_WARN_EMPTY_BODY = YES;
				CLANG_WARN_ENUM_CONVERSION = YES;
				CLANG_WARN_INT_CONVERSION = YES;
				CLANG_WARN_OBJC_ROOT_CLASS = YES_ERROR;
				CLANG_WARN_UNREACHABLE_CODE = YES;
				CLANG_WARN__DUPLICATE_METHOD_MATCH = YES;
				"CODE_SIGN_IDENTITY[sdk=iphoneos*]" = "iPhone Developer";
				COPY_PHASE_STRIP = NO;
				DEBUG_INFORMATION_FORMAT = dwarf;
				ENABLE_STRICT_OBJC_MSGSEND = YES;
				ENABLE_TESTABILITY = YES;
				GCC_C_LANGUAGE_STANDARD = gnu99;
				GCC_DYNAMIC_NO_PIC = NO;
				GCC_NO_COMMON_BLOCKS = YES;
				GCC_OPTIMIZATION_LEVEL = 0;
				GCC_PREPROCESSOR_DEFINITIONS = (
					"DEBUG=1",
					"$(inherited)",
				);
				GCC_WARN_64_TO_32_BIT_CONVERSION = YES;
				GCC_WARN_ABOUT_RETURN_TYPE = YES_ERROR;
				GCC_WARN_UNDECLARED_SELECTOR = YES;
				GCC_WARN_UNINITIALIZED_AUTOS = YES_AGGRESSIVE;
				GCC_WARN_UNUSED_FUNCTION = YES;
				GCC_WARN_UNUSED_VARIABLE = YES;
				IPHONEOS_DEPLOYMENT_TARGET = 9.0;
				MTL_ENABLE_DEBUG_INFO = YES;
				ONLY_ACTIVE_ARCH = YES;
				SDKROOT = iphoneos;
				SWIFT_OPTIMIZATION_LEVEL = "-Onone";
			};
			name = Debug;
		};
		88D0CB581BB3748700C896F8 /* Release */ = {
			isa = XCBuildConfiguration;
			buildSettings = {
				ALWAYS_SEARCH_USER_PATHS = NO;
				CLANG_CXX_LANGUAGE_STANDARD = "gnu++0x";
				CLANG_CXX_LIBRARY = "libc++";
				CLANG_ENABLE_MODULES = YES;
				CLANG_ENABLE_OBJC_ARC = YES;
				CLANG_WARN_BOOL_CONVERSION = YES;
				CLANG_WARN_CONSTANT_CONVERSION = YES;
				CLANG_WARN_DIRECT_OBJC_ISA_USAGE = YES_ERROR;
				CLANG_WARN_EMPTY_BODY = YES;
				CLANG_WARN_ENUM_CONVERSION = YES;
				CLANG_WARN_INT_CONVERSION = YES;
				CLANG_WARN_OBJC_ROOT_CLASS = YES_ERROR;
				CLANG_WARN_UNREACHABLE_CODE = YES;
				CLANG_WARN__DUPLICATE_METHOD_MATCH = YES;
				"CODE_SIGN_IDENTITY[sdk=iphoneos*]" = "iPhone Developer";
				COPY_PHASE_STRIP = NO;
				DEBUG_INFORMATION_FORMAT = "dwarf-with-dsym";
				ENABLE_NS_ASSERTIONS = NO;
				ENABLE_STRICT_OBJC_MSGSEND = YES;
				GCC_C_LANGUAGE_STANDARD = gnu99;
				GCC_NO_COMMON_BLOCKS = YES;
				GCC_WARN_64_TO_32_BIT_CONVERSION = YES;
				GCC_WARN_ABOUT_RETURN_TYPE = YES_ERROR;
				GCC_WARN_UNDECLARED_SELECTOR = YES;
				GCC_WARN_UNINITIALIZED_AUTOS = YES_AGGRESSIVE;
				GCC_WARN_UNUSED_FUNCTION = YES;
				GCC_WARN_UNUSED_VARIABLE = YES;
				IPHONEOS_DEPLOYMENT_TARGET = 9.0;
				MTL_ENABLE_DEBUG_INFO = NO;
				SDKROOT = iphoneos;
				VALIDATE_PRODUCT = YES;
			};
			name = Release;
		};
		88D0CB5A1BB3748700C896F8 /* Debug */ = {
			isa = XCBuildConfiguration;
			buildSettings = {
				ASSETCATALOG_COMPILER_APPICON_NAME = AppIcon;
				CODE_SIGN_ENTITLEMENTS = Summarizer/Summarizer.entitlements;
				CODE_SIGN_IDENTITY = "iPhone Developer";
				"CODE_SIGN_IDENTITY[sdk=iphoneos*]" = "iPhone Developer";
				INFOPLIST_FILE = Summarizer/Info.plist;
				LD_RUNPATH_SEARCH_PATHS = "$(inherited) @executable_path/Frameworks";
				PRODUCT_BUNDLE_IDENTIFIER = com.scasella.Summarizer;
				PRODUCT_NAME = "$(TARGET_NAME)";
				PROVISIONING_PROFILE = "";
			};
			name = Debug;
		};
		88D0CB5B1BB3748700C896F8 /* Release */ = {
			isa = XCBuildConfiguration;
			buildSettings = {
				ASSETCATALOG_COMPILER_APPICON_NAME = AppIcon;
				CODE_SIGN_ENTITLEMENTS = Summarizer/Summarizer.entitlements;
				CODE_SIGN_IDENTITY = "iPhone Developer";
				"CODE_SIGN_IDENTITY[sdk=iphoneos*]" = "iPhone Developer";
				INFOPLIST_FILE = Summarizer/Info.plist;
				LD_RUNPATH_SEARCH_PATHS = "$(inherited) @executable_path/Frameworks";
				PRODUCT_BUNDLE_IDENTIFIER = com.scasella.Summarizer;
				PRODUCT_NAME = "$(TARGET_NAME)";
				PROVISIONING_PROFILE = "";
			};
			name = Release;
		};
/* End XCBuildConfiguration section */

/* Begin XCConfigurationList section */
		886CB8EF1BD7122B003D9F63 /* Build configuration list for PBXNativeTarget "SummarizerWatch Extension" */ = {
			isa = XCConfigurationList;
			buildConfigurations = (
				886CB8ED1BD7122B003D9F63 /* Debug */,
				886CB8EE1BD7122B003D9F63 /* Release */,
			);
			defaultConfigurationIsVisible = 0;
			defaultConfigurationName = Release;
		};
		886CB8F11BD7122B003D9F63 /* Build configuration list for PBXNativeTarget "SummarizerWatch" */ = {
			isa = XCConfigurationList;
			buildConfigurations = (
				886CB8EB1BD7122B003D9F63 /* Debug */,
				886CB8EC1BD7122B003D9F63 /* Release */,
			);
			defaultConfigurationIsVisible = 0;
			defaultConfigurationName = Release;
		};
		8884CE9E1BD9E82000461322 /* Build configuration list for PBXNativeTarget "SummarizerTV" */ = {
			isa = XCConfigurationList;
			buildConfigurations = (
				8884CE9F1BD9E82000461322 /* Debug */,
				8884CEA01BD9E82000461322 /* Release */,
			);
			defaultConfigurationIsVisible = 0;
			defaultConfigurationName = Release;
		};
		88D0CB421BB3748700C896F8 /* Build configuration list for PBXProject "Summarizer" */ = {
			isa = XCConfigurationList;
			buildConfigurations = (
				88D0CB571BB3748700C896F8 /* Debug */,
				88D0CB581BB3748700C896F8 /* Release */,
			);
			defaultConfigurationIsVisible = 0;
			defaultConfigurationName = Release;
		};
		88D0CB591BB3748700C896F8 /* Build configuration list for PBXNativeTarget "Summarizer" */ = {
			isa = XCConfigurationList;
			buildConfigurations = (
				88D0CB5A1BB3748700C896F8 /* Debug */,
				88D0CB5B1BB3748700C896F8 /* Release */,
			);
			defaultConfigurationIsVisible = 0;
			defaultConfigurationName = Release;
		};
/* End XCConfigurationList section */
	};
	rootObject = 88D0CB3F1BB3748700C896F8 /* Project object */;
}
